
Microsoft Visual Studio Solution File, Format Version 12.00
# Visual Studio Version 17
VisualStudioVersion = 17.11.35303.130
MinimumVisualStudioVersion = 10.0.40219.1
Project("{8BC9CEB8-8B4A-11D0-8D11-00A0C91BC942}") = "Kitty", "Kitty\Kitty.vcxproj", "{861838A4-221D-4824-BD23-AF09E10BCBE6}"
EndProject
Project("{8BC9CEB8-8B4A-11D0-8D11-00A0C91BC942}") = "Kitty_Lib", "Kitty_Lib\Kitty_Lib.vcxproj", "{8823F6A0-CD28-4B0A-9BA2-EBE9ECE8C56F}"
EndProject
Project("{8BC9CEB8-8B4A-11D0-8D11-00A0C91BC942}") = "Kitty_DLL", "Kitty_DLL\Kitty_DLL.vcxproj", "{2027ED9B-A992-447B-A764-40BC48A75CB8}"
EndProject
Global
	GlobalSection(SolutionConfigurationPlatforms) = preSolution
		Debug|x64 = Debug|x64
		Debug|x86 = Debug|x86
		Release|x64 = Release|x64
		Release|x86 = Release|x86
	EndGlobalSection
	GlobalSection(ProjectConfigurationPlatforms) = postSolution
		{861838A4-221D-4824-BD23-AF09E10BCBE6}.Debug|x64.ActiveCfg = Debug|x64
		{861838A4-221D-4824-BD23-AF09E10BCBE6}.Debug|x64.Build.0 = Debug|x64
		{861838A4-221D-4824-BD23-AF09E10BCBE6}.Debug|x86.ActiveCfg = Debug|Win32
		{861838A4-221D-4824-BD23-AF09E10BCBE6}.Debug|x86.Build.0 = Debug|Win32
		{861838A4-221D-4824-BD23-AF09E10BCBE6}.Release|x64.ActiveCfg = Release|x64
		{861838A4-221D-4824-BD23-AF09E10BCBE6}.Release|x64.Build.0 = Release|x64
		{861838A4-221D-4824-BD23-AF09E10BCBE6}.Release|x86.ActiveCfg = Release|Win32
		{861838A4-221D-4824-BD23-AF09E10BCBE6}.Release|x86.Build.0 = Release|Win32
		{8823F6A0-CD28-4B0A-9BA2-EBE9ECE8C56F}.Debug|x64.ActiveCfg = Debug|x64
		{8823F6A0-CD28-4B0A-9BA2-EBE9ECE8C56F}.Debug|x64.Build.0 = Debug|x64
		{8823F6A0-CD28-4B0A-9BA2-EBE9ECE8C56F}.Debug|x86.ActiveCfg = Debug|Win32
		{8823F6A0-CD28-4B0A-9BA2-EBE9ECE8C56F}.Debug|x86.Build.0 = Debug|Win32
		{8823F6A0-CD28-4B0A-9BA2-EBE9ECE8C56F}.Release|x64.ActiveCfg = Release|x64
		{8823F6A0-CD28-4B0A-9BA2-EBE9ECE8C56F}.Release|x64.Build.0 = Release|x64
		{8823F6A0-CD28-4B0A-9BA2-EBE9ECE8C56F}.Release|x86.ActiveCfg = Release|Win32
		{8823F6A0-CD28-4B0A-9BA2-EBE9ECE8C56F}.Release|x86.Build.0 = Release|Win32
		{2027ED9B-A992-447B-A764-40BC48A75CB8}.Debug|x64.ActiveCfg = Debug|x64
		{2027ED9B-A992-447B-A764-40BC48A75CB8}.Debug|x64.Build.0 = Debug|x64
		{2027ED9B-A992-447B-A764-40BC48A75CB8}.Debug|x86.ActiveCfg = Debug|Win32
		{2027ED9B-A992-447B-A764-40BC48A75CB8}.Debug|x86.Build.0 = Debug|Win32
		{2027ED9B-A992-447B-A764-40BC48A75CB8}.Release|x64.ActiveCfg = Release|x64
		{2027ED9B-A992-447B-A764-40BC48A75CB8}.Release|x64.Build.0 = Release|x64
		{2027ED9B-A992-447B-A764-40BC48A75CB8}.Release|x86.ActiveCfg = Release|Win32
		{2027ED9B-A992-447B-A764-40BC48A75CB8}.Release|x86.Build.0 = Release|Win32
	EndGlobalSection
	GlobalSection(SolutionProperties) = preSolution
		HideSolutionNode = FALSE
	EndGlobalSection
	GlobalSection(ExtensibilityGlobals) = postSolution
		SolutionGuid = {6CB77AF4-8169-468E-9D40-86F50C9A9ADC}
	EndGlobalSection
EndGlobal
