<?xml version="1.0" encoding="utf-8"?>
<Project ToolsVersion="4.0" xmlns="http://schemas.microsoft.com/developer/msbuild/2003">
  <ItemGroup>
    <Filter Include="Source Files">
      <UniqueIdentifier>{4FC737F1-C7A5-4376-A066-2A32D752A2FF}</UniqueIdentifier>
      <Extensions>cpp;c;cc;cxx;c++;cppm;ixx;def;odl;idl;hpj;bat;asm;asmx</Extensions>
    </Filter>
    <Filter Include="Header Files">
      <UniqueIdentifier>{93995380-89BD-4b04-88EB-625FBE52EBFB}</UniqueIdentifier>
      <Extensions>h;hh;hpp;hxx;h++;hm;inl;inc;ipp;xsd</Extensions>
    </Filter>
    <Filter Include="Resource Files">
      <UniqueIdentifier>{67DA6AB6-F800-4c08-8B7A-83BB121AAD01}</UniqueIdentifier>
      <Extensions>rc;ico;cur;bmp;dlg;rc2;rct;bin;rgs;gif;jpg;jpeg;jpe;resx;tiff;tif;png;wav;mfcribbon-ms</Extensions>
    </Filter>
    <Filter Include="Source Files\Slyvina">
      <UniqueIdentifier>{d98dc9ff-e5c7-4dff-8aa9-a464ea7b1b8d}</UniqueIdentifier>
    </Filter>
    <Filter Include="Source Files\Slyvina\Units">
      <UniqueIdentifier>{afb3bf1b-64fa-49f5-8ce0-c403cf0c5dcb}</UniqueIdentifier>
    </Filter>
    <Filter Include="Source Files\Slyvina\Kitty">
      <UniqueIdentifier>{2a402b24-0e38-43c6-b0b8-b9027ecaeac4}</UniqueIdentifier>
    </Filter>
  </ItemGroup>
  <ItemGroup>
    <ClCompile Include="..\..\..\Libs\Units\Source\SlyvAsk.cpp">
      <Filter>Source Files\Slyvina\Units</Filter>
    </ClCompile>
    <ClCompile Include="..\..\..\Libs\Units\Source\SlyvDir.cpp">
      <Filter>Source Files\Slyvina\Units</Filter>
    </ClCompile>
    <ClCompile Include="..\..\..\Libs\Units\Source\SlyvDirry.cpp">
      <Filter>Source Files\Slyvina\Units</Filter>
    </ClCompile>
    <ClCompile Include="..\..\..\Libs\Units\Source\SlyvQCol.cpp">
      <Filter>Source Files\Slyvina\Units</Filter>
    </ClCompile>
    <ClCompile Include="..\..\..\Libs\Units\Source\SlyvSTOI.cpp">
      <Filter>Source Files\Slyvina\Units</Filter>
    </ClCompile>
    <ClCompile Include="..\..\..\Libs\Units\Source\SlyvStream.cpp">
      <Filter>Source Files\Slyvina\Units</Filter>
    </ClCompile>
    <ClCompile Include="..\..\..\Libs\Units\Source\SlyvString.cpp">
      <Filter>Source Files\Slyvina\Units</Filter>
    </ClCompile>
    <ClCompile Include="..\..\..\Libs\Units\Source\SlyvTime.cpp">
      <Filter>Source Files\Slyvina\Units</Filter>
    </ClCompile>
    <ClCompile Include="..\..\..\Libs\Units\Source\SlyvVolumes.cpp">
      <Filter>Source Files\Slyvina\Units</Filter>
    </ClCompile>
    <ClCompile Include="..\..\..\Libs\Kitty\Source\KittyHighBlitzBasic.cpp">
      <Filter>Source Files\Slyvina\Kitty</Filter>
    </ClCompile>
    <ClCompile Include="..\..\..\Libs\Kitty\Source\KittyHighBlitzMax.cpp">
      <Filter>Source Files\Slyvina\Kitty</Filter>
    </ClCompile>
    <ClCompile Include="..\..\..\Libs\Kitty\Source\KittyHighBrainfuck.cpp">
      <Filter>Source Files\Slyvina\Kitty</Filter>
    </ClCompile>
    <ClCompile Include="..\..\..\Libs\Kitty\Source\KittyHighC.cpp">
      <Filter>Source Files\Slyvina\Kitty</Filter>
    </ClCompile>
    <ClCompile Include="..\..\..\Libs\Kitty\Source\KittyHighCS.cpp">
      <Filter>Source Files\Slyvina\Kitty</Filter>
    </ClCompile>
    <ClCompile Include="..\..\..\Libs\Kitty\Source\KittyHighGo.cpp">
      <Filter>Source Files\Slyvina\Kitty</Filter>
    </ClCompile>
    <ClCompile Include="..\..\..\Libs\Kitty\Source\KittyHighJavaScript.cpp">
      <Filter>Source Files\Slyvina\Kitty</Filter>
    </ClCompile>
    <ClCompile Include="..\..\..\Libs\Kitty\Source\KittyHighNIL.cpp">
      <Filter>Source Files\Slyvina\Kitty</Filter>
    </ClCompile>
    <ClCompile Include="..\..\..\Libs\Kitty\Source\KittyHighPascal.cpp">
      <Filter>Source Files\Slyvina\Kitty</Filter>
    </ClCompile>
    <ClCompile Include="..\..\..\Libs\Kitty\Source\KittyHighPython.cpp">
      <Filter>Source Files\Slyvina\Kitty</Filter>
    </ClCompile>
    <ClCompile Include="..\..\..\Libs\Kitty\Source\KittyHighSASKIA.cpp">
      <Filter>Source Files\Slyvina\Kitty</Filter>
    </ClCompile>
    <ClCompile Include="..\..\..\Libs\Kitty\Source\KittyHighScyndi.cpp">
      <Filter>Source Files\Slyvina\Kitty</Filter>
    </ClCompile>
    <ClCompile Include="..\..\..\Libs\Kitty\Source\KittyHighWhiteSpace.cpp">
      <Filter>Source Files\Slyvina\Kitty</Filter>
    </ClCompile>
    <ClCompile Include="..\..\..\Libs\Kitty\Source\Kitty_High.cpp">
      <Filter>Source Files\Slyvina\Kitty</Filter>
    </ClCompile>
    <ClCompile Include="..\..\..\Libs\Kitty\Source\KittyHighJava.cpp">
      <Filter>Source Files\Slyvina\Kitty</Filter>
    </ClCompile>
    <ClCompile Include="..\..\..\Libs\Kitty\Source\KittyHighVisualBasic.cpp">
      <Filter>Source Files\Slyvina\Kitty</Filter>
    </ClCompile>
    <ClCompile Include="..\..\..\Libs\Kitty\Source\KittyHighCobra.cpp">
      <Filter>Source Files\Slyvina\Kitty</Filter>
    </ClCompile>
    <ClCompile Include="..\..\..\Libs\Kitty\Source\KittyHighHTML.cpp">
      <Filter>Source Files\Slyvina\Kitty</Filter>
    </ClCompile>
    <ClCompile Include="..\..\..\Libs\Kitty\Source\KittyHighXML.cpp">
      <Filter>Source Files\Slyvina\Kitty</Filter>
    </ClCompile>
    <ClCompile Include="..\..\..\Libs\Kitty\Source\KittyHighNeil.cpp">
      <Filter>Source Files\Slyvina\Kitty</Filter>
    </ClCompile>
    <ClCompile Include="..\..\..\Libs\Kitty\Source\KittyHighINI.cpp">
      <Filter>Source Files\Slyvina\Kitty</Filter>
    </ClCompile>
    <ClCompile Include="..\..\..\Libs\Kitty\Source\KittyHighBASIC.cpp">
      <Filter>Source Files\Slyvina\Kitty</Filter>
    </ClCompile>
  </ItemGroup>
</Project>